
Microsoft Visual Studio Solution File, Format Version 12.00
# Visual Studio Version 17
VisualStudioVersion = 17.14.36623.8 d17.14
MinimumVisualStudioVersion = 10.0.40219.1
Project("{FAE04EC0-301F-11D3-BF4B-00C04F79EFBC}") = "BoomerangGame.Core", "BoomerangGame.Core\BoomerangGame.Core.csproj", "{B94C72C9-3941-4DC5-A77B-DB09C42ED032}"
EndProject
Project("{FAE04EC0-301F-11D3-BF4B-00C04F79EFBC}") = "BoomerangGame.Core.Tests", "BoomerangGame.Core.Tests\BoomerangGame.Core.Tests.csproj", "{1BD338D0-0224-409D-A971-37797D6DD6E3}"
EndProject
Global
	GlobalSection(SolutionConfigurationPlatforms) = preSolution
		Debug|Any CPU = Debug|Any CPU
		Release|Any CPU = Release|Any CPU
	EndGlobalSection
	GlobalSection(ProjectConfigurationPlatforms) = postSolution
		{B94C72C9-3941-4DC5-A77B-DB09C42ED032}.Debug|Any CPU.ActiveCfg = Debug|Any CPU
		{B94C72C9-3941-4DC5-A77B-DB09C42ED032}.Debug|Any CPU.Build.0 = Debug|Any CPU
		{B94C72C9-3941-4DC5-A77B-DB09C42ED032}.Release|Any CPU.ActiveCfg = Release|Any CPU
		{B94C72C9-3941-4DC5-A77B-DB09C42ED032}.Release|Any CPU.Build.0 = Release|Any CPU
		{1BD338D0-0224-409D-A971-37797D6DD6E3}.Debug|Any CPU.ActiveCfg = Debug|Any CPU
		{1BD338D0-0224-409D-A971-37797D6DD6E3}.Debug|Any CPU.Build.0 = Debug|Any CPU
		{1BD338D0-0224-409D-A971-37797D6DD6E3}.Release|Any CPU.ActiveCfg = Release|Any CPU
		{1BD338D0-0224-409D-A971-37797D6DD6E3}.Release|Any CPU.Build.0 = Release|Any CPU
	EndGlobalSection
	GlobalSection(SolutionProperties) = preSolution
		HideSolutionNode = FALSE
	EndGlobalSection
	GlobalSection(ExtensibilityGlobals) = postSolution
		SolutionGuid = {EC45DF9B-85BD-4883-B18A-5741854C7828}
	EndGlobalSection
EndGlobal
